
Microsoft Visual Studio Solution File, Format Version 12.00
# Visual Studio Version 17
VisualStudioVersion = 17.0.32112.339
MinimumVisualStudioVersion = 10.0.40219.1
Project("{FAE04EC0-301F-11D3-BF4B-00C04F79EFBC}") = "FormPost_ASP.NET", "FormPost_ASP.NET\FormPost_ASP.NET.csproj", "{01A601DD-2337-44BB-B54F-16A19E8EA76D}"
EndProject
Global
	GlobalSection(SolutionConfigurationPlatforms) = preSolution
		Debug|Any CPU = Debug|Any CPU
		Release|Any CPU = Release|Any CPU
	EndGlobalSection
	GlobalSection(ProjectConfigurationPlatforms) = postSolution
		{01A601DD-2337-44BB-B54F-16A19E8EA76D}.Debug|Any CPU.ActiveCfg = Debug|Any CPU
		{01A601DD-2337-44BB-B54F-16A19E8EA76D}.Debug|Any CPU.Build.0 = Debug|Any CPU
		{01A601DD-2337-44BB-B54F-16A19E8EA76D}.Release|Any CPU.ActiveCfg = Release|Any CPU
		{01A601DD-2337-44BB-B54F-16A19E8EA76D}.Release|Any CPU.Build.0 = Release|Any CPU
	EndGlobalSection
	GlobalSection(SolutionProperties) = preSolution
		HideSolutionNode = FALSE
	EndGlobalSection
	GlobalSection(ExtensibilityGlobals) = postSolution
		SolutionGuid = {2A4F298A-DF9B-434B-9EEF-49E052462F64}
	EndGlobalSection
EndGlobal
